
Microsoft Visual Studio Solution File, Format Version 12.00
# Visual Studio Version 17
VisualStudioVersion = 17.14.36414.22 d17.14
MinimumVisualStudioVersion = 10.0.40219.1
Project("{FAE04EC0-301F-11D3-BF4B-00C04F79EFBC}") = "BlazorApp1", "BlazorApp1\BlazorApp1.csproj", "{5F2767D4-563A-4811-8F62-CE52B7C61080}"
EndProject
Global
	GlobalSection(SolutionConfigurationPlatforms) = preSolution
		Debug|Any CPU = Debug|Any CPU
		Release|Any CPU = Release|Any CPU
	EndGlobalSection
	GlobalSection(ProjectConfigurationPlatforms) = postSolution
		{5F2767D4-563A-4811-8F62-CE52B7C61080}.Debug|Any CPU.ActiveCfg = Debug|Any CPU
		{5F2767D4-563A-4811-8F62-CE52B7C61080}.Debug|Any CPU.Build.0 = Debug|Any CPU
		{5F2767D4-563A-4811-8F62-CE52B7C61080}.Release|Any CPU.ActiveCfg = Release|Any CPU
		{5F2767D4-563A-4811-8F62-CE52B7C61080}.Release|Any CPU.Build.0 = Release|Any CPU
	EndGlobalSection
	GlobalSection(SolutionProperties) = preSolution
		HideSolutionNode = FALSE
	EndGlobalSection
	GlobalSection(ExtensibilityGlobals) = postSolution
		SolutionGuid = {E4800D8B-1238-4172-B5AD-B3CCE5E4E5C4}
	EndGlobalSection
EndGlobal
